
Microsoft Visual Studio Solution File, Format Version 11.00
# Visual Studio 2010
Project("{FAE04EC0-301F-11D3-BF4B-00C04F79EFBC}") = "WPFThumb", "WPFThumb\WPFThumb.csproj", "{988f5f58-2ed7-4744-8e54-657e1652e6a5}"
EndProject
Global
	GlobalSection(SolutionConfigurationPlatforms) = preSolution
		Debug|Any CPU = Debug|Any CPU
		Release|Any CPU = Release|Any CPU
	EndGlobalSection
	GlobalSection(ProjectConfigurationPlatforms) = postSolution
		{988F5F58-2ED7-4744-8E54-657E1652E6A5}.Debug|Any CPU.ActiveCfg = Debug|Any CPU
		{988F5F58-2ED7-4744-8E54-657E1652E6A5}.Debug|Any CPU.Build.0 = Debug|Any CPU
		{988F5F58-2ED7-4744-8E54-657E1652E6A5}.Release|Any CPU.ActiveCfg = Release|Any CPU
		{988F5F58-2ED7-4744-8E54-657E1652E6A5}.Release|Any CPU.Build.0 = Release|Any CPU
	EndGlobalSection
EndGlobal
