
Microsoft Visual Studio Solution File, Format Version 11.00
# Visual Studio 2010
Project("{FAE04EC0-301F-11D3-BF4B-00C04F79EFBC}") = "WpfAnimationEffect", "WpfAnimationEffect\WpfAnimationEffect.csproj", "{ab96e625-6797-44e4-ad40-8059e1dac41f}"
EndProject
Global
	GlobalSection(SolutionConfigurationPlatforms) = preSolution
		Debug|Any CPU = Debug|Any CPU
		Release|Any CPU = Release|Any CPU
	EndGlobalSection
	GlobalSection(ProjectConfigurationPlatforms) = postSolution
		{AB96E625-6797-44E4-AD40-8059E1DAC41F}.Debug|Any CPU.ActiveCfg = Debug|Any CPU
		{AB96E625-6797-44E4-AD40-8059E1DAC41F}.Debug|Any CPU.Build.0 = Debug|Any CPU
		{AB96E625-6797-44E4-AD40-8059E1DAC41F}.Release|Any CPU.ActiveCfg = Release|Any CPU
		{AB96E625-6797-44E4-AD40-8059E1DAC41F}.Release|Any CPU.Build.0 = Release|Any CPU
	EndGlobalSection
EndGlobal
