
Microsoft Visual Studio Solution File, Format Version 11.00
# Visual Studio 2010
Project("{FAE04EC0-301F-11D3-BF4B-00C04F79EFBC}") = "WPF三维图形", "WPF三维图形\WPF三维图形.csproj", "{a555c095-269a-4999-8c3f-3e7a4bd631e2}"
EndProject
Global
	GlobalSection(SolutionConfigurationPlatforms) = preSolution
		Debug|Any CPU = Debug|Any CPU
		Release|Any CPU = Release|Any CPU
	EndGlobalSection
	GlobalSection(ProjectConfigurationPlatforms) = postSolution
		{A555C095-269A-4999-8C3F-3E7A4BD631E2}.Debug|Any CPU.ActiveCfg = Debug|Any CPU
		{A555C095-269A-4999-8C3F-3E7A4BD631E2}.Debug|Any CPU.Build.0 = Debug|Any CPU
		{A555C095-269A-4999-8C3F-3E7A4BD631E2}.Release|Any CPU.ActiveCfg = Release|Any CPU
		{A555C095-269A-4999-8C3F-3E7A4BD631E2}.Release|Any CPU.Build.0 = Release|Any CPU
	EndGlobalSection
EndGlobal
