
Microsoft Visual Studio Solution File, Format Version 12.00
# Visual Studio 14
VisualStudioVersion = 14.0.23107.0
MinimumVisualStudioVersion = 10.0.40219.1
Project("{FAE04EC0-301F-11D3-BF4B-00C04F79EFBC}") = "SoketApplication", "SoketApplication\SoketApplication.csproj", "{0F4C17CD-C098-4A19-A14D-2F595B2706E0}"
EndProject
Project("{FAE04EC0-301F-11D3-BF4B-00C04F79EFBC}") = "Client", "C:\Users\KaKit_WU\Desktop\0326.Net基础班第十七天\Client\Client.csproj", "{EF74ACA6-8D59-4807-8650-37DAD9BD235E}"
EndProject
Project("{FAE04EC0-301F-11D3-BF4B-00C04F79EFBC}") = "Server", "C:\Users\KaKit_WU\Desktop\0326.Net基础班第十七天\Server\Server.csproj", "{512260E9-0150-4F9C-849E-CBAF9E14864D}"
EndProject
Global
	GlobalSection(SolutionConfigurationPlatforms) = preSolution
		Debug|Any CPU = Debug|Any CPU
		Release|Any CPU = Release|Any CPU
	EndGlobalSection
	GlobalSection(ProjectConfigurationPlatforms) = postSolution
		{0F4C17CD-C098-4A19-A14D-2F595B2706E0}.Debug|Any CPU.ActiveCfg = Debug|Any CPU
		{0F4C17CD-C098-4A19-A14D-2F595B2706E0}.Debug|Any CPU.Build.0 = Debug|Any CPU
		{0F4C17CD-C098-4A19-A14D-2F595B2706E0}.Release|Any CPU.ActiveCfg = Release|Any CPU
		{0F4C17CD-C098-4A19-A14D-2F595B2706E0}.Release|Any CPU.Build.0 = Release|Any CPU
		{EF74ACA6-8D59-4807-8650-37DAD9BD235E}.Debug|Any CPU.ActiveCfg = Debug|Any CPU
		{EF74ACA6-8D59-4807-8650-37DAD9BD235E}.Debug|Any CPU.Build.0 = Debug|Any CPU
		{EF74ACA6-8D59-4807-8650-37DAD9BD235E}.Release|Any CPU.ActiveCfg = Release|Any CPU
		{EF74ACA6-8D59-4807-8650-37DAD9BD235E}.Release|Any CPU.Build.0 = Release|Any CPU
		{512260E9-0150-4F9C-849E-CBAF9E14864D}.Debug|Any CPU.ActiveCfg = Debug|Any CPU
		{512260E9-0150-4F9C-849E-CBAF9E14864D}.Debug|Any CPU.Build.0 = Debug|Any CPU
		{512260E9-0150-4F9C-849E-CBAF9E14864D}.Release|Any CPU.ActiveCfg = Release|Any CPU
		{512260E9-0150-4F9C-849E-CBAF9E14864D}.Release|Any CPU.Build.0 = Release|Any CPU
	EndGlobalSection
	GlobalSection(SolutionProperties) = preSolution
		HideSolutionNode = FALSE
	EndGlobalSection
EndGlobal
