
Microsoft Visual Studio Solution File, Format Version 11.00
# Visual Studio 2010
Project("{FAE04EC0-301F-11D3-BF4B-00C04F79EFBC}") = "Input", "Input\Input.csproj", "{D2B8CC9B-F7F2-4805-852B-1828BC0D7496}"
EndProject
Project("{FAE04EC0-301F-11D3-BF4B-00C04F79EFBC}") = "CommandDemo", "CommandDemo\CommandDemo.csproj", "{C89AD8AD-96A7-4A87-96F2-8386F904D4D5}"
EndProject
Project("{FAE04EC0-301F-11D3-BF4B-00C04F79EFBC}") = "CommandTest", "CommandTest\CommandTest.csproj", "{52926E77-B030-47BD-8BEE-321535A1D99D}"
EndProject
Project("{FAE04EC0-301F-11D3-BF4B-00C04F79EFBC}") = "Commands", "Commands\Commands.csproj", "{99999F2F-ABBD-4F69-A579-A83A7957D530}"
EndProject
Global
	GlobalSection(SolutionConfigurationPlatforms) = preSolution
		Debug|Any CPU = Debug|Any CPU
		Release|Any CPU = Release|Any CPU
	EndGlobalSection
	GlobalSection(ProjectConfigurationPlatforms) = postSolution
		{D2B8CC9B-F7F2-4805-852B-1828BC0D7496}.Debug|Any CPU.ActiveCfg = Debug|Any CPU
		{D2B8CC9B-F7F2-4805-852B-1828BC0D7496}.Debug|Any CPU.Build.0 = Debug|Any CPU
		{D2B8CC9B-F7F2-4805-852B-1828BC0D7496}.Release|Any CPU.ActiveCfg = Release|Any CPU
		{D2B8CC9B-F7F2-4805-852B-1828BC0D7496}.Release|Any CPU.Build.0 = Release|Any CPU
		{C89AD8AD-96A7-4A87-96F2-8386F904D4D5}.Debug|Any CPU.ActiveCfg = Debug|Any CPU
		{C89AD8AD-96A7-4A87-96F2-8386F904D4D5}.Debug|Any CPU.Build.0 = Debug|Any CPU
		{C89AD8AD-96A7-4A87-96F2-8386F904D4D5}.Release|Any CPU.ActiveCfg = Release|Any CPU
		{C89AD8AD-96A7-4A87-96F2-8386F904D4D5}.Release|Any CPU.Build.0 = Release|Any CPU
		{52926E77-B030-47BD-8BEE-321535A1D99D}.Debug|Any CPU.ActiveCfg = Debug|Any CPU
		{52926E77-B030-47BD-8BEE-321535A1D99D}.Debug|Any CPU.Build.0 = Debug|Any CPU
		{52926E77-B030-47BD-8BEE-321535A1D99D}.Release|Any CPU.ActiveCfg = Release|Any CPU
		{52926E77-B030-47BD-8BEE-321535A1D99D}.Release|Any CPU.Build.0 = Release|Any CPU
		{99999F2F-ABBD-4F69-A579-A83A7957D530}.Debug|Any CPU.ActiveCfg = Debug|Any CPU
		{99999F2F-ABBD-4F69-A579-A83A7957D530}.Debug|Any CPU.Build.0 = Debug|Any CPU
		{99999F2F-ABBD-4F69-A579-A83A7957D530}.Release|Any CPU.ActiveCfg = Release|Any CPU
		{99999F2F-ABBD-4F69-A579-A83A7957D530}.Release|Any CPU.Build.0 = Release|Any CPU
	EndGlobalSection
	GlobalSection(SolutionProperties) = preSolution
		HideSolutionNode = FALSE
	EndGlobalSection
EndGlobal
