
Microsoft Visual Studio Solution File, Format Version 11.00
# Visual Studio 2010
Project("{FAE04EC0-301F-11D3-BF4B-00C04F79EFBC}") = "WpfAnimation", "WpfAnimation\WpfAnimation.csproj", "{4615322d-4727-41ed-99ae-f985fd0b1280}"
EndProject
Global
	GlobalSection(SolutionConfigurationPlatforms) = preSolution
		Debug|Any CPU = Debug|Any CPU
		Release|Any CPU = Release|Any CPU
	EndGlobalSection
	GlobalSection(ProjectConfigurationPlatforms) = postSolution
		{4615322D-4727-41ED-99AE-F985FD0B1280}.Debug|Any CPU.ActiveCfg = Debug|Any CPU
		{4615322D-4727-41ED-99AE-F985FD0B1280}.Debug|Any CPU.Build.0 = Debug|Any CPU
		{4615322D-4727-41ED-99AE-F985FD0B1280}.Release|Any CPU.ActiveCfg = Release|Any CPU
		{4615322D-4727-41ED-99AE-F985FD0B1280}.Release|Any CPU.Build.0 = Release|Any CPU
	EndGlobalSection
EndGlobal
