
Microsoft Visual Studio Solution File, Format Version 11.00
# Visual Studio 2010
Project("{FAE04EC0-301F-11D3-BF4B-00C04F79EFBC}") = "WpfInkcanvas", "WpfInkcanvas\WpfInkcanvas.csproj", "{19ce9f9e-67ed-4101-9af2-e10225f737b4}"
EndProject
Global
	GlobalSection(SolutionConfigurationPlatforms) = preSolution
		Debug|Any CPU = Debug|Any CPU
		Release|Any CPU = Release|Any CPU
	EndGlobalSection
	GlobalSection(ProjectConfigurationPlatforms) = postSolution
		{19CE9F9E-67ED-4101-9AF2-E10225F737B4}.Debug|Any CPU.ActiveCfg = Debug|Any CPU
		{19CE9F9E-67ED-4101-9AF2-E10225F737B4}.Debug|Any CPU.Build.0 = Debug|Any CPU
		{19CE9F9E-67ED-4101-9AF2-E10225F737B4}.Release|Any CPU.ActiveCfg = Release|Any CPU
		{19CE9F9E-67ED-4101-9AF2-E10225F737B4}.Release|Any CPU.Build.0 = Release|Any CPU
	EndGlobalSection
EndGlobal
